
Microsoft Visual Studio Solution File, Format Version 12.00
# Visual Studio Version 16
VisualStudioVersion = 25.0.1700.7
MinimumVisualStudioVersion = 10.0.40219.1
Project("{FAE04EC0-301F-11D3-BF4B-00C04F79EFBC}") = "InputOutput", "InputOutput\InputOutput.csproj", "{59F8BC95-3A72-4716-BE89-BE32A384DA9F}"
EndProject
Project("{FAE04EC0-301F-11D3-BF4B-00C04F79EFBC}") = "NumericTypes", "NumericTypes\NumericTypes.csproj", "{4A164D0F-E7E8-4EA7-B838-910AB2EB37E8}"
EndProject
Project("{FAE04EC0-301F-11D3-BF4B-00C04F79EFBC}") = "MoreNumericTypes", "MoreNumericTypes\MoreNumericTypes.csproj", "{31969A43-F5F9-4AA1-95AE-A8FD4CE52009}"
EndProject
Project("{FAE04EC0-301F-11D3-BF4B-00C04F79EFBC}") = "Strings", "Strings\Strings.csproj", "{836B9A34-BF9C-4C14-BD35-0F5E2BBDD2CB}"
EndProject
Global
	GlobalSection(SolutionConfigurationPlatforms) = preSolution
		Debug|Any CPU = Debug|Any CPU
		Release|Any CPU = Release|Any CPU
	EndGlobalSection
	GlobalSection(ProjectConfigurationPlatforms) = postSolution
		{59F8BC95-3A72-4716-BE89-BE32A384DA9F}.Debug|Any CPU.ActiveCfg = Debug|Any CPU
		{59F8BC95-3A72-4716-BE89-BE32A384DA9F}.Debug|Any CPU.Build.0 = Debug|Any CPU
		{59F8BC95-3A72-4716-BE89-BE32A384DA9F}.Release|Any CPU.ActiveCfg = Release|Any CPU
		{59F8BC95-3A72-4716-BE89-BE32A384DA9F}.Release|Any CPU.Build.0 = Release|Any CPU
		{4A164D0F-E7E8-4EA7-B838-910AB2EB37E8}.Debug|Any CPU.ActiveCfg = Debug|Any CPU
		{4A164D0F-E7E8-4EA7-B838-910AB2EB37E8}.Debug|Any CPU.Build.0 = Debug|Any CPU
		{4A164D0F-E7E8-4EA7-B838-910AB2EB37E8}.Release|Any CPU.ActiveCfg = Release|Any CPU
		{4A164D0F-E7E8-4EA7-B838-910AB2EB37E8}.Release|Any CPU.Build.0 = Release|Any CPU
		{31969A43-F5F9-4AA1-95AE-A8FD4CE52009}.Debug|Any CPU.ActiveCfg = Debug|Any CPU
		{31969A43-F5F9-4AA1-95AE-A8FD4CE52009}.Debug|Any CPU.Build.0 = Debug|Any CPU
		{31969A43-F5F9-4AA1-95AE-A8FD4CE52009}.Release|Any CPU.ActiveCfg = Release|Any CPU
		{31969A43-F5F9-4AA1-95AE-A8FD4CE52009}.Release|Any CPU.Build.0 = Release|Any CPU
		{836B9A34-BF9C-4C14-BD35-0F5E2BBDD2CB}.Debug|Any CPU.ActiveCfg = Debug|Any CPU
		{836B9A34-BF9C-4C14-BD35-0F5E2BBDD2CB}.Debug|Any CPU.Build.0 = Debug|Any CPU
		{836B9A34-BF9C-4C14-BD35-0F5E2BBDD2CB}.Release|Any CPU.ActiveCfg = Release|Any CPU
		{836B9A34-BF9C-4C14-BD35-0F5E2BBDD2CB}.Release|Any CPU.Build.0 = Release|Any CPU
	EndGlobalSection
	GlobalSection(SolutionProperties) = preSolution
		HideSolutionNode = FALSE
	EndGlobalSection
	GlobalSection(ExtensibilityGlobals) = postSolution
		SolutionGuid = {F95B32CF-F8DD-4516-8C03-EC0C4EFA674E}
	EndGlobalSection
EndGlobal
